// !$*UTF8*$!
{
	archiveVersion = 1;
	classes = {
	};
	objectVersion = 46;
	objects = {

/* Begin PBXBuildFile section */
		030515D81719B3100055D3CA /* HomeViewController.m in Sources */ = {isa = PBXBuildFile; fileRef = 030515D71719B3100055D3CA /* HomeViewController.m */; };
		030515DE1719B3D30055D3CA /* LoginViewController.m in Sources */ = {isa = PBXBuildFile; fileRef = 030515DC1719B3D30055D3CA /* LoginViewController.m */; };
		030515DF1719B3D30055D3CA /* LoginViewController.xib in Resources */ = {isa = PBXBuildFile; fileRef = 030515DD1719B3D30055D3CA /* LoginViewController.xib */; };
		030515E31719B3E10055D3CA /* SplashViewController.m in Sources */ = {isa = PBXBuildFile; fileRef = 030515E11719B3E10055D3CA /* SplashViewController.m */; };
		030515E41719B3E10055D3CA /* SplashViewController.xib in Resources */ = {isa = PBXBuildFile; fileRef = 030515E21719B3E10055D3CA /* SplashViewController.xib */; };
		030515E91719B88A0055D3CA /* TakePhotoViewController.m in Sources */ = {isa = PBXBuildFile; fileRef = 030515E71719B88A0055D3CA /* TakePhotoViewController.m */; };
		030515EA1719B88A0055D3CA /* TakePhotoViewController.xib in Resources */ = {isa = PBXBuildFile; fileRef = 030515E81719B88A0055D3CA /* TakePhotoViewController.xib */; };
		030515EC1719B9F20055D3CA /* AVFoundation.framework in Frameworks */ = {isa = PBXBuildFile; fileRef = 030515EB1719B9F10055D3CA /* AVFoundation.framework */; };
		030515EE1719BA1D0055D3CA /* MobileCoreServices.framework in Frameworks */ = {isa = PBXBuildFile; fileRef = 030515ED1719BA1D0055D3CA /* MobileCoreServices.framework */; };
		030515F31719BB7C0055D3CA /* MediaPlayerViewController.m in Sources */ = {isa = PBXBuildFile; fileRef = 030515F11719BB7C0055D3CA /* MediaPlayerViewController.m */; };
		030515F41719BB7C0055D3CA /* MediaPlayerViewController.xib in Resources */ = {isa = PBXBuildFile; fileRef = 030515F21719BB7C0055D3CA /* MediaPlayerViewController.xib */; };
		030515F61719BB8C0055D3CA /* MediaPlayer.framework in Frameworks */ = {isa = PBXBuildFile; fileRef = 030515F51719BB8C0055D3CA /* MediaPlayer.framework */; };
		030515F91719BBFB0055D3CA /* sample_sorenson.mov in Resources */ = {isa = PBXBuildFile; fileRef = 030515F81719BBFB0055D3CA /* sample_sorenson.mov */; };
		030515FC1719D7D30055D3CA /* TabRootViewController.m in Sources */ = {isa = PBXBuildFile; fileRef = 030515FB1719D7D30055D3CA /* TabRootViewController.m */; };
		030516031719D9530055D3CA /* YouViewController.m in Sources */ = {isa = PBXBuildFile; fileRef = 030516011719D9530055D3CA /* YouViewController.m */; };
		030516041719D9530055D3CA /* YouViewController.xib in Resources */ = {isa = PBXBuildFile; fileRef = 030516021719D9530055D3CA /* YouViewController.xib */; };
		030516081719D9D40055D3CA /* TheMapViewController.m in Sources */ = {isa = PBXBuildFile; fileRef = 030516061719D9D40055D3CA /* TheMapViewController.m */; };
		030516091719D9D40055D3CA /* TheMapViewController.xib in Resources */ = {isa = PBXBuildFile; fileRef = 030516071719D9D40055D3CA /* TheMapViewController.xib */; };
		0305160C1719DCDD0055D3CA /* MapPinObject.m in Sources */ = {isa = PBXBuildFile; fileRef = 0305160B1719DCDD0055D3CA /* MapPinObject.m */; };
		030516101719E7070055D3CA /* QuestObject.m in Sources */ = {isa = PBXBuildFile; fileRef = 0305160F1719E7070055D3CA /* QuestObject.m */; };
		030516141719EE840055D3CA /* signpainterhousebrush.ttf in Resources */ = {isa = PBXBuildFile; fileRef = 030516131719EE840055D3CA /* signpainterhousebrush.ttf */; };
		0305161B1719F1190055D3CA /* splash.jpg in Resources */ = {isa = PBXBuildFile; fileRef = 0305161A1719F1190055D3CA /* splash.jpg */; };
		7B25D6681715B0FE0004BA51 /* UIKit.framework in Frameworks */ = {isa = PBXBuildFile; fileRef = 7B25D6671715B0FE0004BA51 /* UIKit.framework */; };
		7B25D66A1715B0FE0004BA51 /* Foundation.framework in Frameworks */ = {isa = PBXBuildFile; fileRef = 7B25D6691715B0FE0004BA51 /* Foundation.framework */; };
		7B25D66C1715B0FE0004BA51 /* CoreGraphics.framework in Frameworks */ = {isa = PBXBuildFile; fileRef = 7B25D66B1715B0FE0004BA51 /* CoreGraphics.framework */; };
		7B25D6721715B0FE0004BA51 /* InfoPlist.strings in Resources */ = {isa = PBXBuildFile; fileRef = 7B25D6701715B0FE0004BA51 /* InfoPlist.strings */; };
		7B25D6741715B0FE0004BA51 /* main.m in Sources */ = {isa = PBXBuildFile; fileRef = 7B25D6731715B0FE0004BA51 /* main.m */; };
		7B25D6781715B0FE0004BA51 /* AppDelegate.m in Sources */ = {isa = PBXBuildFile; fileRef = 7B25D6771715B0FE0004BA51 /* AppDelegate.m */; };
		7B25D67A1715B0FE0004BA51 /* Default.png in Resources */ = {isa = PBXBuildFile; fileRef = 7B25D6791715B0FE0004BA51 /* Default.png */; };
		7B25D67C1715B0FE0004BA51 /* Default@2x.png in Resources */ = {isa = PBXBuildFile; fileRef = 7B25D67B1715B0FE0004BA51 /* Default@2x.png */; };
		7B25D67E1715B0FE0004BA51 /* Default-568h@2x.png in Resources */ = {isa = PBXBuildFile; fileRef = 7B25D67D1715B0FE0004BA51 /* Default-568h@2x.png */; };
		7B25D6A21715B3730004BA51 /* PositionTracker.m in Sources */ = {isa = PBXBuildFile; fileRef = 7B25D6A11715B3730004BA51 /* PositionTracker.m */; };
		7B25D6A41715B3820004BA51 /* CoreLocation.framework in Frameworks */ = {isa = PBXBuildFile; fileRef = 7B25D6A31715B3820004BA51 /* CoreLocation.framework */; };
		7BB843FA17198FAE003983DA /* MapKit.framework in Frameworks */ = {isa = PBXBuildFile; fileRef = 7BB843F917198FAE003983DA /* MapKit.framework */; };
/* End PBXBuildFile section */

/* Begin PBXFileReference section */
		030515D61719B3100055D3CA /* HomeViewController.h */ = {isa = PBXFileReference; fileEncoding = 4; lastKnownFileType = sourcecode.c.h; path = HomeViewController.h; sourceTree = "<group>"; };
		030515D71719B3100055D3CA /* HomeViewController.m */ = {isa = PBXFileReference; fileEncoding = 4; lastKnownFileType = sourcecode.c.objc; path = HomeViewController.m; sourceTree = "<group>"; };
		030515DB1719B3D30055D3CA /* LoginViewController.h */ = {isa = PBXFileReference; fileEncoding = 4; lastKnownFileType = sourcecode.c.h; path = LoginViewController.h; sourceTree = "<group>"; };
		030515DC1719B3D30055D3CA /* LoginViewController.m */ = {isa = PBXFileReference; fileEncoding = 4; lastKnownFileType = sourcecode.c.objc; path = LoginViewController.m; sourceTree = "<group>"; };
		030515DD1719B3D30055D3CA /* LoginViewController.xib */ = {isa = PBXFileReference; fileEncoding = 4; lastKnownFileType = file.xib; path = LoginViewController.xib; sourceTree = "<group>"; };
		030515E01719B3E10055D3CA /* SplashViewController.h */ = {isa = PBXFileReference; fileEncoding = 4; lastKnownFileType = sourcecode.c.h; path = SplashViewController.h; sourceTree = "<group>"; };
		030515E11719B3E10055D3CA /* SplashViewController.m */ = {isa = PBXFileReference; fileEncoding = 4; lastKnownFileType = sourcecode.c.objc; path = SplashViewController.m; sourceTree = "<group>"; };
		030515E21719B3E10055D3CA /* SplashViewController.xib */ = {isa = PBXFileReference; fileEncoding = 4; lastKnownFileType = file.xib; path = SplashViewController.xib; sourceTree = "<group>"; };
		030515E61719B88A0055D3CA /* TakePhotoViewController.h */ = {isa = PBXFileReference; fileEncoding = 4; lastKnownFileType = sourcecode.c.h; path = TakePhotoViewController.h; sourceTree = "<group>"; };
		030515E71719B88A0055D3CA /* TakePhotoViewController.m */ = {isa = PBXFileReference; fileEncoding = 4; lastKnownFileType = sourcecode.c.objc; path = TakePhotoViewController.m; sourceTree = "<group>"; };
		030515E81719B88A0055D3CA /* TakePhotoViewController.xib */ = {isa = PBXFileReference; fileEncoding = 4; lastKnownFileType = file.xib; path = TakePhotoViewController.xib; sourceTree = "<group>"; };
		030515EB1719B9F10055D3CA /* AVFoundation.framework */ = {isa = PBXFileReference; lastKnownFileType = wrapper.framework; name = AVFoundation.framework; path = System/Library/Frameworks/AVFoundation.framework; sourceTree = SDKROOT; };
		030515ED1719BA1D0055D3CA /* MobileCoreServices.framework */ = {isa = PBXFileReference; lastKnownFileType = wrapper.framework; name = MobileCoreServices.framework; path = System/Library/Frameworks/MobileCoreServices.framework; sourceTree = SDKROOT; };
		030515F01719BB7C0055D3CA /* MediaPlayerViewController.h */ = {isa = PBXFileReference; fileEncoding = 4; lastKnownFileType = sourcecode.c.h; path = MediaPlayerViewController.h; sourceTree = "<group>"; };
		030515F11719BB7C0055D3CA /* MediaPlayerViewController.m */ = {isa = PBXFileReference; fileEncoding = 4; lastKnownFileType = sourcecode.c.objc; path = MediaPlayerViewController.m; sourceTree = "<group>"; };
		030515F21719BB7C0055D3CA /* MediaPlayerViewController.xib */ = {isa = PBXFileReference; fileEncoding = 4; lastKnownFileType = file.xib; path = MediaPlayerViewController.xib; sourceTree = "<group>"; };
		030515F51719BB8C0055D3CA /* MediaPlayer.framework */ = {isa = PBXFileReference; lastKnownFileType = wrapper.framework; name = MediaPlayer.framework; path = System/Library/Frameworks/MediaPlayer.framework; sourceTree = SDKROOT; };
		030515F81719BBFB0055D3CA /* sample_sorenson.mov */ = {isa = PBXFileReference; lastKnownFileType = video.quicktime; path = sample_sorenson.mov; sourceTree = "<group>"; };
		030515FA1719D7D20055D3CA /* TabRootViewController.h */ = {isa = PBXFileReference; fileEncoding = 4; lastKnownFileType = sourcecode.c.h; path = TabRootViewController.h; sourceTree = "<group>"; };
		030515FB1719D7D30055D3CA /* TabRootViewController.m */ = {isa = PBXFileReference; fileEncoding = 4; lastKnownFileType = sourcecode.c.objc; path = TabRootViewController.m; sourceTree = "<group>"; };
		030516001719D9530055D3CA /* YouViewController.h */ = {isa = PBXFileReference; fileEncoding = 4; lastKnownFileType = sourcecode.c.h; path = YouViewController.h; sourceTree = "<group>"; };
		030516011719D9530055D3CA /* YouViewController.m */ = {isa = PBXFileReference; fileEncoding = 4; lastKnownFileType = sourcecode.c.objc; path = YouViewController.m; sourceTree = "<group>"; };
		030516021719D9530055D3CA /* YouViewController.xib */ = {isa = PBXFileReference; fileEncoding = 4; lastKnownFileType = file.xib; path = YouViewController.xib; sourceTree = "<group>"; };
		030516051719D9D40055D3CA /* TheMapViewController.h */ = {isa = PBXFileReference; fileEncoding = 4; lastKnownFileType = sourcecode.c.h; path = TheMapViewController.h; sourceTree = "<group>"; };
		030516061719D9D40055D3CA /* TheMapViewController.m */ = {isa = PBXFileReference; fileEncoding = 4; lastKnownFileType = sourcecode.c.objc; path = TheMapViewController.m; sourceTree = "<group>"; };
		030516071719D9D40055D3CA /* TheMapViewController.xib */ = {isa = PBXFileReference; fileEncoding = 4; lastKnownFileType = file.xib; path = TheMapViewController.xib; sourceTree = "<group>"; };
		0305160A1719DCDD0055D3CA /* MapPinObject.h */ = {isa = PBXFileReference; fileEncoding = 4; lastKnownFileType = sourcecode.c.h; path = MapPinObject.h; sourceTree = "<group>"; };
		0305160B1719DCDD0055D3CA /* MapPinObject.m */ = {isa = PBXFileReference; fileEncoding = 4; lastKnownFileType = sourcecode.c.objc; path = MapPinObject.m; sourceTree = "<group>"; };
		0305160E1719E7070055D3CA /* QuestObject.h */ = {isa = PBXFileReference; fileEncoding = 4; lastKnownFileType = sourcecode.c.h; path = QuestObject.h; sourceTree = "<group>"; };
		0305160F1719E7070055D3CA /* QuestObject.m */ = {isa = PBXFileReference; fileEncoding = 4; lastKnownFileType = sourcecode.c.objc; path = QuestObject.m; sourceTree = "<group>"; };
		030516131719EE840055D3CA /* signpainterhousebrush.ttf */ = {isa = PBXFileReference; lastKnownFileType = file; path = signpainterhousebrush.ttf; sourceTree = "<group>"; };
		0305161A1719F1190055D3CA /* splash.jpg */ = {isa = PBXFileReference; lastKnownFileType = image.jpeg; path = splash.jpg; sourceTree = "<group>"; };
		7B25D6641715B0FE0004BA51 /* Hackathon.app */ = {isa = PBXFileReference; explicitFileType = wrapper.application; includeInIndex = 0; path = Hackathon.app; sourceTree = BUILT_PRODUCTS_DIR; };
		7B25D6671715B0FE0004BA51 /* UIKit.framework */ = {isa = PBXFileReference; lastKnownFileType = wrapper.framework; name = UIKit.framework; path = System/Library/Frameworks/UIKit.framework; sourceTree = SDKROOT; };
		7B25D6691715B0FE0004BA51 /* Foundation.framework */ = {isa = PBXFileReference; lastKnownFileType = wrapper.framework; name = Foundation.framework; path = System/Library/Frameworks/Foundation.framework; sourceTree = SDKROOT; };
		7B25D66B1715B0FE0004BA51 /* CoreGraphics.framework */ = {isa = PBXFileReference; lastKnownFileType = wrapper.framework; name = CoreGraphics.framework; path = System/Library/Frameworks/CoreGraphics.framework; sourceTree = SDKROOT; };
		7B25D66F1715B0FE0004BA51 /* Hackathon-Info.plist */ = {isa = PBXFileReference; lastKnownFileType = text.plist.xml; path = "Hackathon-Info.plist"; sourceTree = "<group>"; };
		7B25D6711715B0FE0004BA51 /* en */ = {isa = PBXFileReference; lastKnownFileType = text.plist.strings; name = en; path = en.lproj/InfoPlist.strings; sourceTree = "<group>"; };
		7B25D6731715B0FE0004BA51 /* main.m */ = {isa = PBXFileReference; lastKnownFileType = sourcecode.c.objc; path = main.m; sourceTree = "<group>"; };
		7B25D6751715B0FE0004BA51 /* Hackathon-Prefix.pch */ = {isa = PBXFileReference; lastKnownFileType = sourcecode.c.h; path = "Hackathon-Prefix.pch"; sourceTree = "<group>"; };
		7B25D6761715B0FE0004BA51 /* AppDelegate.h */ = {isa = PBXFileReference; lastKnownFileType = sourcecode.c.h; path = AppDelegate.h; sourceTree = "<group>"; };
		7B25D6771715B0FE0004BA51 /* AppDelegate.m */ = {isa = PBXFileReference; lastKnownFileType = sourcecode.c.objc; path = AppDelegate.m; sourceTree = "<group>"; };
		7B25D6791715B0FE0004BA51 /* Default.png */ = {isa = PBXFileReference; lastKnownFileType = image.png; path = Default.png; sourceTree = "<group>"; };
		7B25D67B1715B0FE0004BA51 /* Default@2x.png */ = {isa = PBXFileReference; lastKnownFileType = image.png; path = "Default@2x.png"; sourceTree = "<group>"; };
		7B25D67D1715B0FE0004BA51 /* Default-568h@2x.png */ = {isa = PBXFileReference; lastKnownFileType = image.png; path = "Default-568h@2x.png"; sourceTree = "<group>"; };
		7B25D6A01715B3730004BA51 /* PositionTracker.h */ = {isa = PBXFileReference; fileEncoding = 4; lastKnownFileType = sourcecode.c.h; path = PositionTracker.h; sourceTree = "<group>"; };
		7B25D6A11715B3730004BA51 /* PositionTracker.m */ = {isa = PBXFileReference; fileEncoding = 4; lastKnownFileType = sourcecode.c.objc; path = PositionTracker.m; sourceTree = "<group>"; };
		7B25D6A31715B3820004BA51 /* CoreLocation.framework */ = {isa = PBXFileReference; lastKnownFileType = wrapper.framework; name = CoreLocation.framework; path = System/Library/Frameworks/CoreLocation.framework; sourceTree = SDKROOT; };
		7BB843F917198FAE003983DA /* MapKit.framework */ = {isa = PBXFileReference; lastKnownFileType = wrapper.framework; name = MapKit.framework; path = System/Library/Frameworks/MapKit.framework; sourceTree = SDKROOT; };
/* End PBXFileReference section */

/* Begin PBXFrameworksBuildPhase section */
		7B25D6611715B0FE0004BA51 /* Frameworks */ = {
			isa = PBXFrameworksBuildPhase;
			buildActionMask = 2147483647;
			files = (
				030515F61719BB8C0055D3CA /* MediaPlayer.framework in Frameworks */,
				030515EE1719BA1D0055D3CA /* MobileCoreServices.framework in Frameworks */,
				030515EC1719B9F20055D3CA /* AVFoundation.framework in Frameworks */,
				7BB843FA17198FAE003983DA /* MapKit.framework in Frameworks */,
				7B25D6A41715B3820004BA51 /* CoreLocation.framework in Frameworks */,
				7B25D6681715B0FE0004BA51 /* UIKit.framework in Frameworks */,
				7B25D66A1715B0FE0004BA51 /* Foundation.framework in Frameworks */,
				7B25D66C1715B0FE0004BA51 /* CoreGraphics.framework in Frameworks */,
			);
			runOnlyForDeploymentPostprocessing = 0;
		};
/* End PBXFrameworksBuildPhase section */

/* Begin PBXGroup section */
		030515D31719B2D80055D3CA /* Map */ = {
			isa = PBXGroup;
			children = (
				030516051719D9D40055D3CA /* TheMapViewController.h */,
				030516061719D9D40055D3CA /* TheMapViewController.m */,
				030516071719D9D40055D3CA /* TheMapViewController.xib */,
				0305160A1719DCDD0055D3CA /* MapPinObject.h */,
				0305160B1719DCDD0055D3CA /* MapPinObject.m */,
			);
			name = Map;
			sourceTree = "<group>";
		};
		030515D41719B2F00055D3CA /* Splash */ = {
			isa = PBXGroup;
			children = (
				030515E01719B3E10055D3CA /* SplashViewController.h */,
				030515E11719B3E10055D3CA /* SplashViewController.m */,
				030515E21719B3E10055D3CA /* SplashViewController.xib */,
			);
			name = Splash;
			sourceTree = "<group>";
		};
		030515D91719B3300055D3CA /* Login */ = {
			isa = PBXGroup;
			children = (
				030515DB1719B3D30055D3CA /* LoginViewController.h */,
				030515DC1719B3D30055D3CA /* LoginViewController.m */,
				030515DD1719B3D30055D3CA /* LoginViewController.xib */,
			);
			name = Login;
			sourceTree = "<group>";
		};
		030515E51719B8780055D3CA /* Photo */ = {
			isa = PBXGroup;
			children = (
				030515E61719B88A0055D3CA /* TakePhotoViewController.h */,
				030515E71719B88A0055D3CA /* TakePhotoViewController.m */,
				030515E81719B88A0055D3CA /* TakePhotoViewController.xib */,
			);
			name = Photo;
			sourceTree = "<group>";
		};
		030515EF1719BB680055D3CA /* MediaPlayer */ = {
			isa = PBXGroup;
			children = (
				030515F01719BB7C0055D3CA /* MediaPlayerViewController.h */,
				030515F11719BB7C0055D3CA /* MediaPlayerViewController.m */,
				030515F21719BB7C0055D3CA /* MediaPlayerViewController.xib */,
			);
			name = MediaPlayer;
			sourceTree = "<group>";
		};
		030515F71719BBED0055D3CA /* Media */ = {
			isa = PBXGroup;
			children = (
				030515F81719BBFB0055D3CA /* sample_sorenson.mov */,
			);
			name = Media;
			sourceTree = "<group>";
		};
		030515FD1719D7D80055D3CA /* Home */ = {
			isa = PBXGroup;
			children = (
				030515D61719B3100055D3CA /* HomeViewController.h */,
				030515D71719B3100055D3CA /* HomeViewController.m */,
				030515D41719B2F00055D3CA /* Splash */,
				030515D91719B3300055D3CA /* Login */,
				030515E51719B8780055D3CA /* Photo */,
			);
			name = Home;
			sourceTree = "<group>";
		};
		030515FE1719D7FC0055D3CA /* TabHome */ = {
			isa = PBXGroup;
			children = (
				030515FF1719D9460055D3CA /* You */,
				030515D31719B2D80055D3CA /* Map */,
				030515FA1719D7D20055D3CA /* TabRootViewController.h */,
				030515FB1719D7D30055D3CA /* TabRootViewController.m */,
			);
			name = TabHome;
			sourceTree = "<group>";
		};
		030515FF1719D9460055D3CA /* You */ = {
			isa = PBXGroup;
			children = (
				030516001719D9530055D3CA /* YouViewController.h */,
				030516011719D9530055D3CA /* YouViewController.m */,
				030516021719D9530055D3CA /* YouViewController.xib */,
			);
			name = You;
			sourceTree = "<group>";
		};
		0305160D1719E6F60055D3CA /* Data */ = {
			isa = PBXGroup;
			children = (
				0305160E1719E7070055D3CA /* QuestObject.h */,
				0305160F1719E7070055D3CA /* QuestObject.m */,
			);
			name = Data;
			sourceTree = "<group>";
		};
		030516121719EE790055D3CA /* Fonts */ = {
			isa = PBXGroup;
			children = (
				030516131719EE840055D3CA /* signpainterhousebrush.ttf */,
			);
			name = Fonts;
			sourceTree = "<group>";
		};
		030516151719F0370055D3CA /* Images */ = {
			isa = PBXGroup;
			children = (
				030516161719F03C0055D3CA /* Login */,
			);
			name = Images;
			sourceTree = "<group>";
		};
		030516161719F03C0055D3CA /* Login */ = {
			isa = PBXGroup;
			children = (
				0305161A1719F1190055D3CA /* splash.jpg */,
			);
			name = Login;
			sourceTree = "<group>";
		};
		7B25D65B1715B0FE0004BA51 = {
			isa = PBXGroup;
			children = (
				030515F51719BB8C0055D3CA /* MediaPlayer.framework */,
				030515ED1719BA1D0055D3CA /* MobileCoreServices.framework */,
				030515EB1719B9F10055D3CA /* AVFoundation.framework */,
				7BB843F917198FAE003983DA /* MapKit.framework */,
				7B25D6A31715B3820004BA51 /* CoreLocation.framework */,
				7B25D66D1715B0FE0004BA51 /* Hackathon */,
				7B25D6661715B0FE0004BA51 /* Frameworks */,
				7B25D6651715B0FE0004BA51 /* Products */,
			);
			sourceTree = "<group>";
		};
		7B25D6651715B0FE0004BA51 /* Products */ = {
			isa = PBXGroup;
			children = (
				7B25D6641715B0FE0004BA51 /* Hackathon.app */,
			);
			name = Products;
			sourceTree = "<group>";
		};
		7B25D6661715B0FE0004BA51 /* Frameworks */ = {
			isa = PBXGroup;
			children = (
				7B25D6671715B0FE0004BA51 /* UIKit.framework */,
				7B25D6691715B0FE0004BA51 /* Foundation.framework */,
				7B25D66B1715B0FE0004BA51 /* CoreGraphics.framework */,
			);
			name = Frameworks;
			sourceTree = "<group>";
		};
		7B25D66D1715B0FE0004BA51 /* Hackathon */ = {
			isa = PBXGroup;
			children = (
				0305160D1719E6F60055D3CA /* Data */,
				7B25D69F1715B2DE0004BA51 /* Location */,
				7B25D69E1715B1C90004BA51 /* ViewControllers */,
				7B25D6761715B0FE0004BA51 /* AppDelegate.h */,
				7B25D6771715B0FE0004BA51 /* AppDelegate.m */,
				7B25D66E1715B0FE0004BA51 /* Supporting Files */,
			);
			path = Hackathon;
			sourceTree = "<group>";
		};
		7B25D66E1715B0FE0004BA51 /* Supporting Files */ = {
			isa = PBXGroup;
			children = (
				030516151719F0370055D3CA /* Images */,
				030516121719EE790055D3CA /* Fonts */,
				030515F71719BBED0055D3CA /* Media */,
				7B25D66F1715B0FE0004BA51 /* Hackathon-Info.plist */,
				7B25D6701715B0FE0004BA51 /* InfoPlist.strings */,
				7B25D6731715B0FE0004BA51 /* main.m */,
				7B25D6751715B0FE0004BA51 /* Hackathon-Prefix.pch */,
				7B25D6791715B0FE0004BA51 /* Default.png */,
				7B25D67B1715B0FE0004BA51 /* Default@2x.png */,
				7B25D67D1715B0FE0004BA51 /* Default-568h@2x.png */,
			);
			name = "Supporting Files";
			sourceTree = "<group>";
		};
		7B25D69E1715B1C90004BA51 /* ViewControllers */ = {
			isa = PBXGroup;
			children = (
				030515EF1719BB680055D3CA /* MediaPlayer */,
				030515FE1719D7FC0055D3CA /* TabHome */,
				030515FD1719D7D80055D3CA /* Home */,
			);
			name = ViewControllers;
			sourceTree = "<group>";
		};
		7B25D69F1715B2DE0004BA51 /* Location */ = {
			isa = PBXGroup;
			children = (
				7B25D6A01715B3730004BA51 /* PositionTracker.h */,
				7B25D6A11715B3730004BA51 /* PositionTracker.m */,
			);
			name = Location;
			sourceTree = "<group>";
		};
/* End PBXGroup section */

/* Begin PBXNativeTarget section */
		7B25D6631715B0FE0004BA51 /* Hackathon */ = {
			isa = PBXNativeTarget;
			buildConfigurationList = 7B25D69B1715B0FE0004BA51 /* Build configuration list for PBXNativeTarget "Hackathon" */;
			buildPhases = (
				7B25D6601715B0FE0004BA51 /* Sources */,
				7B25D6611715B0FE0004BA51 /* Frameworks */,
				7B25D6621715B0FE0004BA51 /* Resources */,
			);
			buildRules = (
			);
			dependencies = (
			);
			name = Hackathon;
			productName = Hackathon;
			productReference = 7B25D6641715B0FE0004BA51 /* Hackathon.app */;
			productType = "com.apple.product-type.application";
		};
/* End PBXNativeTarget section */

/* Begin PBXProject section */
		7B25D65C1715B0FE0004BA51 /* Project object */ = {
			isa = PBXProject;
			attributes = {
				LastUpgradeCheck = 0460;
				ORGANIZATIONNAME = "Josh Klobe";
			};
			buildConfigurationList = 7B25D65F1715B0FE0004BA51 /* Build configuration list for PBXProject "Hackathon" */;
			compatibilityVersion = "Xcode 3.2";
			developmentRegion = English;
			hasScannedForEncodings = 0;
			knownRegions = (
				en,
			);
			mainGroup = 7B25D65B1715B0FE0004BA51;
			productRefGroup = 7B25D6651715B0FE0004BA51 /* Products */;
			projectDirPath = "";
			projectRoot = "";
			targets = (
				7B25D6631715B0FE0004BA51 /* Hackathon */,
			);
		};
/* End PBXProject section */

/* Begin PBXResourcesBuildPhase section */
		7B25D6621715B0FE0004BA51 /* Resources */ = {
			isa = PBXResourcesBuildPhase;
			buildActionMask = 2147483647;
			files = (
				7B25D6721715B0FE0004BA51 /* InfoPlist.strings in Resources */,
				7B25D67A1715B0FE0004BA51 /* Default.png in Resources */,
				7B25D67C1715B0FE0004BA51 /* Default@2x.png in Resources */,
				7B25D67E1715B0FE0004BA51 /* Default-568h@2x.png in Resources */,
				030515DF1719B3D30055D3CA /* LoginViewController.xib in Resources */,
				030515E41719B3E10055D3CA /* SplashViewController.xib in Resources */,
				030515EA1719B88A0055D3CA /* TakePhotoViewController.xib in Resources */,
				030515F41719BB7C0055D3CA /* MediaPlayerViewController.xib in Resources */,
				030515F91719BBFB0055D3CA /* sample_sorenson.mov in Resources */,
				030516041719D9530055D3CA /* YouViewController.xib in Resources */,
				030516091719D9D40055D3CA /* TheMapViewController.xib in Resources */,
				030516141719EE840055D3CA /* signpainterhousebrush.ttf in Resources */,
				0305161B1719F1190055D3CA /* splash.jpg in Resources */,
			);
			runOnlyForDeploymentPostprocessing = 0;
		};
/* End PBXResourcesBuildPhase section */

/* Begin PBXSourcesBuildPhase section */
		7B25D6601715B0FE0004BA51 /* Sources */ = {
			isa = PBXSourcesBuildPhase;
			buildActionMask = 2147483647;
			files = (
				7B25D6741715B0FE0004BA51 /* main.m in Sources */,
				7B25D6781715B0FE0004BA51 /* AppDelegate.m in Sources */,
				7B25D6A21715B3730004BA51 /* PositionTracker.m in Sources */,
				030515D81719B3100055D3CA /* HomeViewController.m in Sources */,
				030515DE1719B3D30055D3CA /* LoginViewController.m in Sources */,
				030515E31719B3E10055D3CA /* SplashViewController.m in Sources */,
				030515E91719B88A0055D3CA /* TakePhotoViewController.m in Sources */,
				030515F31719BB7C0055D3CA /* MediaPlayerViewController.m in Sources */,
				030515FC1719D7D30055D3CA /* TabRootViewController.m in Sources */,
				030516031719D9530055D3CA /* YouViewController.m in Sources */,
				030516081719D9D40055D3CA /* TheMapViewController.m in Sources */,
				0305160C1719DCDD0055D3CA /* MapPinObject.m in Sources */,
				030516101719E7070055D3CA /* QuestObject.m in Sources */,
			);
			runOnlyForDeploymentPostprocessing = 0;
		};
/* End PBXSourcesBuildPhase section */

/* Begin PBXVariantGroup section */
		7B25D6701715B0FE0004BA51 /* InfoPlist.strings */ = {
			isa = PBXVariantGroup;
			children = (
				7B25D6711715B0FE0004BA51 /* en */,
			);
			name = InfoPlist.strings;
			sourceTree = "<group>";
		};
/* End PBXVariantGroup section */

/* Begin XCBuildConfiguration section */
		7B25D6991715B0FE0004BA51 /* Debug */ = {
			isa = XCBuildConfiguration;
			buildSettings = {
				ALWAYS_SEARCH_USER_PATHS = NO;
				CLANG_CXX_LANGUAGE_STANDARD = "gnu++0x";
				CLANG_CXX_LIBRARY = "libc++";
				CLANG_WARN_CONSTANT_CONVERSION = YES;
				CLANG_WARN_EMPTY_BODY = YES;
				CLANG_WARN_ENUM_CONVERSION = YES;
				CLANG_WARN_INT_CONVERSION = YES;
				CLANG_WARN__DUPLICATE_METHOD_MATCH = YES;
				CODE_SIGN_IDENTITY = "iPhone Developer: Josh Klobe (V544PARN99)";
				"CODE_SIGN_IDENTITY[sdk=iphoneos*]" = "iPhone Developer: Josh Klobe (V544PARN99)";
				COPY_PHASE_STRIP = NO;
				GCC_C_LANGUAGE_STANDARD = gnu99;
				GCC_DYNAMIC_NO_PIC = NO;
				GCC_OPTIMIZATION_LEVEL = 0;
				GCC_PREPROCESSOR_DEFINITIONS = (
					"DEBUG=1",
					"$(inherited)",
				);
				GCC_SYMBOLS_PRIVATE_EXTERN = NO;
				GCC_WARN_ABOUT_RETURN_TYPE = YES;
				GCC_WARN_UNINITIALIZED_AUTOS = YES;
				GCC_WARN_UNUSED_VARIABLE = YES;
				IPHONEOS_DEPLOYMENT_TARGET = 6.1;
				ONLY_ACTIVE_ARCH = YES;
				PROVISIONING_PROFILE = "2B344DA9-0680-44A4-9FE8-F9B80E2CB9DF";
				"PROVISIONING_PROFILE[sdk=iphoneos*]" = "2B344DA9-0680-44A4-9FE8-F9B80E2CB9DF";
				SDKROOT = iphoneos;
				TARGETED_DEVICE_FAMILY = "1,2";
			};
			name = Debug;
		};
		7B25D69A1715B0FE0004BA51 /* Release */ = {
			isa = XCBuildConfiguration;
			buildSettings = {
				ALWAYS_SEARCH_USER_PATHS = NO;
				CLANG_CXX_LANGUAGE_STANDARD = "gnu++0x";
				CLANG_CXX_LIBRARY = "libc++";
				CLANG_WARN_CONSTANT_CONVERSION = YES;
				CLANG_WARN_EMPTY_BODY = YES;
				CLANG_WARN_ENUM_CONVERSION = YES;
				CLANG_WARN_INT_CONVERSION = YES;
				CLANG_WARN__DUPLICATE_METHOD_MATCH = YES;
				CODE_SIGN_IDENTITY = "iPhone Developer: Josh Klobe (V544PARN99)";
				"CODE_SIGN_IDENTITY[sdk=iphoneos*]" = "iPhone Developer: Josh Klobe (V544PARN99)";
				COPY_PHASE_STRIP = YES;
				GCC_C_LANGUAGE_STANDARD = gnu99;
				GCC_WARN_ABOUT_RETURN_TYPE = YES;
				GCC_WARN_UNINITIALIZED_AUTOS = YES;
				GCC_WARN_UNUSED_VARIABLE = YES;
				IPHONEOS_DEPLOYMENT_TARGET = 6.1;
				OTHER_CFLAGS = "-DNS_BLOCK_ASSERTIONS=1";
				PROVISIONING_PROFILE = "2B344DA9-0680-44A4-9FE8-F9B80E2CB9DF";
				"PROVISIONING_PROFILE[sdk=iphoneos*]" = "2B344DA9-0680-44A4-9FE8-F9B80E2CB9DF";
				SDKROOT = iphoneos;
				TARGETED_DEVICE_FAMILY = "1,2";
				VALIDATE_PRODUCT = YES;
			};
			name = Release;
		};
		7B25D69C1715B0FE0004BA51 /* Debug */ = {
			isa = XCBuildConfiguration;
			buildSettings = {
				CODE_SIGN_IDENTITY = "iPhone Developer: Josh Klobe (V544PARN99)";
				"CODE_SIGN_IDENTITY[sdk=iphoneos*]" = "iPhone Developer: Josh Klobe (V544PARN99)";
				GCC_PRECOMPILE_PREFIX_HEADER = YES;
				GCC_PREFIX_HEADER = "Hackathon/Hackathon-Prefix.pch";
				INFOPLIST_FILE = "Hackathon/Hackathon-Info.plist";
				PRODUCT_NAME = "$(TARGET_NAME)";
				PROVISIONING_PROFILE = "2B344DA9-0680-44A4-9FE8-F9B80E2CB9DF";
				"PROVISIONING_PROFILE[sdk=iphoneos*]" = "2B344DA9-0680-44A4-9FE8-F9B80E2CB9DF";
				TARGETED_DEVICE_FAMILY = 1;
				WRAPPER_EXTENSION = app;
			};
			name = Debug;
		};
		7B25D69D1715B0FE0004BA51 /* Release */ = {
			isa = XCBuildConfiguration;
			buildSettings = {
				CODE_SIGN_IDENTITY = "iPhone Developer: Josh Klobe (V544PARN99)";
				"CODE_SIGN_IDENTITY[sdk=iphoneos*]" = "iPhone Developer: Josh Klobe (V544PARN99)";
				GCC_PRECOMPILE_PREFIX_HEADER = YES;
				GCC_PREFIX_HEADER = "Hackathon/Hackathon-Prefix.pch";
				INFOPLIST_FILE = "Hackathon/Hackathon-Info.plist";
				PRODUCT_NAME = "$(TARGET_NAME)";
				PROVISIONING_PROFILE = "2B344DA9-0680-44A4-9FE8-F9B80E2CB9DF";
				"PROVISIONING_PROFILE[sdk=iphoneos*]" = "69E267C9-8BED-4A87-B460-531B6E1CE5BA";
				TARGETED_DEVICE_FAMILY = 1;
				WRAPPER_EXTENSION = app;
			};
			name = Release;
		};
/* End XCBuildConfiguration section */

/* Begin XCConfigurationList section */
		7B25D65F1715B0FE0004BA51 /* Build configuration list for PBXProject "Hackathon" */ = {
			isa = XCConfigurationList;
			buildConfigurations = (
				7B25D6991715B0FE0004BA51 /* Debug */,
				7B25D69A1715B0FE0004BA51 /* Release */,
			);
			defaultConfigurationIsVisible = 0;
			defaultConfigurationName = Release;
		};
		7B25D69B1715B0FE0004BA51 /* Build configuration list for PBXNativeTarget "Hackathon" */ = {
			isa = XCConfigurationList;
			buildConfigurations = (
				7B25D69C1715B0FE0004BA51 /* Debug */,
				7B25D69D1715B0FE0004BA51 /* Release */,
			);
			defaultConfigurationIsVisible = 0;
			defaultConfigurationName = Release;
		};
/* End XCConfigurationList section */
	};
	rootObject = 7B25D65C1715B0FE0004BA51 /* Project object */;
}
